
Microsoft Visual Studio Solution File, Format Version 12.00
# Visual Studio Version 17
VisualStudioVersion = 17.9.34728.123
MinimumVisualStudioVersion = 10.0.40219.1
Project("{9A19103F-16F7-4668-BE54-9A1E7A4F7556}") = "WarehouseAssistant.Core", "WarehouseAssistant.Core\WarehouseAssistant.Core.csproj", "{DE427178-8863-4687-8757-0CB22BB17DD7}"
EndProject
Project("{9A19103F-16F7-4668-BE54-9A1E7A4F7556}") = "WarehouseAssistant.Data", "WarehouseAssistant.Data\WarehouseAssistant.Data.csproj", "{22887259-A1C5-4DBD-88C8-ACB67A11D1EC}"
EndProject
Project("{9A19103F-16F7-4668-BE54-9A1E7A4F7556}") = "WarehouseAssistant.MAUI", "WarehouseAssistant.MAUI\WarehouseAssistant.MAUI.csproj", "{D4F7F30B-E83F-49B5-A762-9FA6488AED09}"
EndProject
Project("{9A19103F-16F7-4668-BE54-9A1E7A4F7556}") = "WarehouseAssistant.WebUI", "WarehouseAssistant.WebUI\WarehouseAssistant.WebUI.csproj", "{C0279DED-C1E8-4A92-8A58-B5515995DA36}"
EndProject
Project("{9A19103F-16F7-4668-BE54-9A1E7A4F7556}") = "WarehouseAssistant.WASM", "WarehouseAssistant.WASM\WarehouseAssistant.WASM.csproj", "{8DBD5290-96FE-4523-9833-3D61911C0AF0}"
EndProject
Project("{9A19103F-16F7-4668-BE54-9A1E7A4F7556}") = "WarehouseAssistant.Core.Tests", "WarehouseAssistant.Core.Tests\WarehouseAssistant.Core.Tests.csproj", "{D7D40C52-76F5-4A64-80AB-5FD288392E1C}"
EndProject
Project("{9A19103F-16F7-4668-BE54-9A1E7A4F7556}") = "WarehouseAssistant.WebUI.Tests", "WarehouseAssistant.WebUI.Tests\WarehouseAssistant.WebUI.Tests.csproj", "{DE1BD1E8-DA71-4EC0-B4B7-D22C7EBEEFC4}"
EndProject
Project("{2150E333-8FDC-42A3-9474-1A3956D46DE8}") = "samples", "samples", "{666486B5-6FBA-412E-A26E-CFBCD3393EA4}"
EndProject
Project("{2150E333-8FDC-42A3-9474-1A3956D46DE8}") = "tests", "tests", "{53A76888-93F5-4B5A-AAAB-68086CBC55D9}"
EndProject
Project("{2150E333-8FDC-42A3-9474-1A3956D46DE8}") = "workbooks", "workbooks", "{A90BCBE8-305A-4BF9-BD86-973327004288}"
	ProjectSection(SolutionItems) = preProject
		samples\workbooks\BaseWorkbook.xlsx = samples\workbooks\BaseWorkbook.xlsx
		samples\workbooks\EmptyWorkbook.xlsx = samples\workbooks\EmptyWorkbook.xlsx
		samples\workbooks\товары 17.07.xlsx = samples\workbooks\товары 17.07.xlsx
	EndProjectSection
EndProject
Project("{9A19103F-16F7-4668-BE54-9A1E7A4F7556}") = "WarehouseAssistant.Data.Tests", "tests\WarehouseAssistant.Data.Tests\WarehouseAssistant.Data.Tests.csproj", "{9DE69C90-43E4-41F4-B32C-26A8AAD6CD51}"
EndProject
Project("{9A19103F-16F7-4668-BE54-9A1E7A4F7556}") = "WarehouseAssistant.Shared.Models", "WarehouseAssistant.Shared.Models\WarehouseAssistant.Shared.Models.csproj", "{8B867C34-C840-4271-9C9A-44A067CF216A}"
EndProject
Global
	GlobalSection(SolutionConfigurationPlatforms) = preSolution
		Debug|Any CPU = Debug|Any CPU
		Release|Any CPU = Release|Any CPU
	EndGlobalSection
	GlobalSection(ProjectConfigurationPlatforms) = postSolution
		{DE427178-8863-4687-8757-0CB22BB17DD7}.Debug|Any CPU.ActiveCfg = Debug|Any CPU
		{DE427178-8863-4687-8757-0CB22BB17DD7}.Debug|Any CPU.Build.0 = Debug|Any CPU
		{DE427178-8863-4687-8757-0CB22BB17DD7}.Release|Any CPU.ActiveCfg = Release|Any CPU
		{DE427178-8863-4687-8757-0CB22BB17DD7}.Release|Any CPU.Build.0 = Release|Any CPU
		{22887259-A1C5-4DBD-88C8-ACB67A11D1EC}.Debug|Any CPU.ActiveCfg = Debug|Any CPU
		{22887259-A1C5-4DBD-88C8-ACB67A11D1EC}.Debug|Any CPU.Build.0 = Debug|Any CPU
		{22887259-A1C5-4DBD-88C8-ACB67A11D1EC}.Release|Any CPU.ActiveCfg = Release|Any CPU
		{22887259-A1C5-4DBD-88C8-ACB67A11D1EC}.Release|Any CPU.Build.0 = Release|Any CPU
		{D4F7F30B-E83F-49B5-A762-9FA6488AED09}.Debug|Any CPU.ActiveCfg = Debug|Any CPU
		{D4F7F30B-E83F-49B5-A762-9FA6488AED09}.Debug|Any CPU.Build.0 = Debug|Any CPU
		{D4F7F30B-E83F-49B5-A762-9FA6488AED09}.Debug|Any CPU.Deploy.0 = Debug|Any CPU
		{D4F7F30B-E83F-49B5-A762-9FA6488AED09}.Release|Any CPU.ActiveCfg = Release|Any CPU
		{D4F7F30B-E83F-49B5-A762-9FA6488AED09}.Release|Any CPU.Build.0 = Release|Any CPU
		{D4F7F30B-E83F-49B5-A762-9FA6488AED09}.Release|Any CPU.Deploy.0 = Release|Any CPU
		{C0279DED-C1E8-4A92-8A58-B5515995DA36}.Debug|Any CPU.ActiveCfg = Debug|Any CPU
		{C0279DED-C1E8-4A92-8A58-B5515995DA36}.Debug|Any CPU.Build.0 = Debug|Any CPU
		{C0279DED-C1E8-4A92-8A58-B5515995DA36}.Release|Any CPU.ActiveCfg = Release|Any CPU
		{C0279DED-C1E8-4A92-8A58-B5515995DA36}.Release|Any CPU.Build.0 = Release|Any CPU
		{8DBD5290-96FE-4523-9833-3D61911C0AF0}.Debug|Any CPU.ActiveCfg = Debug|Any CPU
		{8DBD5290-96FE-4523-9833-3D61911C0AF0}.Debug|Any CPU.Build.0 = Debug|Any CPU
		{8DBD5290-96FE-4523-9833-3D61911C0AF0}.Release|Any CPU.ActiveCfg = Release|Any CPU
		{8DBD5290-96FE-4523-9833-3D61911C0AF0}.Release|Any CPU.Build.0 = Release|Any CPU
		{D7D40C52-76F5-4A64-80AB-5FD288392E1C}.Debug|Any CPU.ActiveCfg = Debug|Any CPU
		{D7D40C52-76F5-4A64-80AB-5FD288392E1C}.Debug|Any CPU.Build.0 = Debug|Any CPU
		{D7D40C52-76F5-4A64-80AB-5FD288392E1C}.Release|Any CPU.ActiveCfg = Release|Any CPU
		{D7D40C52-76F5-4A64-80AB-5FD288392E1C}.Release|Any CPU.Build.0 = Release|Any CPU
		{DE1BD1E8-DA71-4EC0-B4B7-D22C7EBEEFC4}.Debug|Any CPU.ActiveCfg = Debug|Any CPU
		{DE1BD1E8-DA71-4EC0-B4B7-D22C7EBEEFC4}.Debug|Any CPU.Build.0 = Debug|Any CPU
		{DE1BD1E8-DA71-4EC0-B4B7-D22C7EBEEFC4}.Release|Any CPU.ActiveCfg = Release|Any CPU
		{DE1BD1E8-DA71-4EC0-B4B7-D22C7EBEEFC4}.Release|Any CPU.Build.0 = Release|Any CPU
		{9DE69C90-43E4-41F4-B32C-26A8AAD6CD51}.Debug|Any CPU.ActiveCfg = Debug|Any CPU
		{9DE69C90-43E4-41F4-B32C-26A8AAD6CD51}.Debug|Any CPU.Build.0 = Debug|Any CPU
		{9DE69C90-43E4-41F4-B32C-26A8AAD6CD51}.Release|Any CPU.ActiveCfg = Release|Any CPU
		{9DE69C90-43E4-41F4-B32C-26A8AAD6CD51}.Release|Any CPU.Build.0 = Release|Any CPU
		{8B867C34-C840-4271-9C9A-44A067CF216A}.Debug|Any CPU.ActiveCfg = Debug|Any CPU
		{8B867C34-C840-4271-9C9A-44A067CF216A}.Debug|Any CPU.Build.0 = Debug|Any CPU
		{8B867C34-C840-4271-9C9A-44A067CF216A}.Release|Any CPU.ActiveCfg = Release|Any CPU
		{8B867C34-C840-4271-9C9A-44A067CF216A}.Release|Any CPU.Build.0 = Release|Any CPU
	EndGlobalSection
	GlobalSection(SolutionProperties) = preSolution
		HideSolutionNode = FALSE
	EndGlobalSection
	GlobalSection(NestedProjects) = preSolution
		{D7D40C52-76F5-4A64-80AB-5FD288392E1C} = {53A76888-93F5-4B5A-AAAB-68086CBC55D9}
		{DE1BD1E8-DA71-4EC0-B4B7-D22C7EBEEFC4} = {53A76888-93F5-4B5A-AAAB-68086CBC55D9}
		{A90BCBE8-305A-4BF9-BD86-973327004288} = {666486B5-6FBA-412E-A26E-CFBCD3393EA4}
		{9DE69C90-43E4-41F4-B32C-26A8AAD6CD51} = {53A76888-93F5-4B5A-AAAB-68086CBC55D9}
	EndGlobalSection
	GlobalSection(ExtensibilityGlobals) = postSolution
		SolutionGuid = {5F6CF24B-A9E9-4573-9ECF-41161F6F798A}
	EndGlobalSection
EndGlobal
